
Microsoft Visual Studio Solution File, Format Version 12.00
# Visual Studio 2012
Project("{FAE04EC0-301F-11D3-BF4B-00C04F79EFBC}") = "HotReloadExt.VSMac", "HotReloadExt.VSMac\HotReloadExt.VSMac.csproj", "{54D3A304-373C-47E1-B83A-97AA0A756627}"
EndProject
Global
	GlobalSection(SolutionConfigurationPlatforms) = preSolution
		Debug|Any CPU = Debug|Any CPU
		Release|Any CPU = Release|Any CPU
	EndGlobalSection
	GlobalSection(ProjectConfigurationPlatforms) = postSolution
		{54D3A304-373C-47E1-B83A-97AA0A756627}.Debug|Any CPU.ActiveCfg = Debug|Any CPU
		{54D3A304-373C-47E1-B83A-97AA0A756627}.Debug|Any CPU.Build.0 = Debug|Any CPU
		{54D3A304-373C-47E1-B83A-97AA0A756627}.Release|Any CPU.ActiveCfg = Release|Any CPU
		{54D3A304-373C-47E1-B83A-97AA0A756627}.Release|Any CPU.Build.0 = Release|Any CPU
	EndGlobalSection
	GlobalSection(MonoDevelopProperties) = preSolution
		StartupItem = HotReloadExt.VSMac\HotReloadExt.csproj
	EndGlobalSection
EndGlobal
