Microsoft Visual Studio Solution File, Format Version 12.00
# Visual Studio Version 17
VisualStudioVersion = 17.0.31611.283
MinimumVisualStudioVersion = 10.0.40219.1
Project("{9A19103F-16F7-4668-BE54-9A1E7A4F7556}") = "Sharp.UI", "Sharp.UI\Sharp.UI.csproj", "{FB396864-6EFC-4A20-A9A7-30CF1B0245CC}"
EndProject
Project("{2150E333-8FDC-42A3-9474-1A3956D46DE8}") = "Solution Items", "Solution Items", "{EBEF87B9-CBCC-47E7-B35D-2786A76CD608}"
	ProjectSection(SolutionItems) = preProject
		doc\howtostart.md = doc\howtostart.md
		README.md = README.md
	EndProjectSection
EndProject
Project("{9A19103F-16F7-4668-BE54-9A1E7A4F7556}") = "Sharp.UI.Generator", "Sharp.UI.Generator\Sharp.UI.Generator.csproj", "{DB13FDDD-8B03-44F4-A017-4CEAC318A148}"
EndProject
Project("{9A19103F-16F7-4668-BE54-9A1E7A4F7556}") = "Sharp.UI.Example", "Sharp.UI.Example\Sharp.UI.Example.csproj", "{6721451F-0353-49A2-A73D-E066FAE1ACBD}"
EndProject
Project("{2150E333-8FDC-42A3-9474-1A3956D46DE8}") = "libs", "libs", "{5EAB34D2-9270-4CE3-AE54-DA18E08B6218}"
EndProject
Project("{9A19103F-16F7-4668-BE54-9A1E7A4F7556}") = "HotReloadKit", "..\libs\HotReloadKit\src\HotReloadKit\HotReloadKit.csproj", "{EB58844E-9852-4808-B31C-329F5F4D4CF9}"
EndProject
Project("{9A19103F-16F7-4668-BE54-9A1E7A4F7556}") = "SlimTcpServer", "..\libs\HotReloadKit\libs\SlimTcpServer\src\SlimTcpServer\SlimTcpServer.csproj", "{7D6B154D-94E6-48AB-B892-5AACE948A616}"
EndProject
Project("{9A19103F-16F7-4668-BE54-9A1E7A4F7556}") = "HotReloadKit.Shared", "..\libs\HotReloadKit\src\HotReloadKit.Shared\HotReloadKit.Shared.csproj", "{1C876286-D601-4389-963B-C2884B26F609}"
EndProject
Project("{9A19103F-16F7-4668-BE54-9A1E7A4F7556}") = "HotReloadKit.Generator", "..\libs\HotReloadKit\src\HotReloadKit.Generator\HotReloadKit.Generator.csproj", "{12C72993-F181-46FC-8858-E62EF0714E0B}"
EndProject
Global
	GlobalSection(SolutionConfigurationPlatforms) = preSolution
		Debug|Any CPU = Debug|Any CPU
		Release|Any CPU = Release|Any CPU
	EndGlobalSection
	GlobalSection(ProjectConfigurationPlatforms) = postSolution
		{FB396864-6EFC-4A20-A9A7-30CF1B0245CC}.Debug|Any CPU.ActiveCfg = Debug|Any CPU
		{FB396864-6EFC-4A20-A9A7-30CF1B0245CC}.Debug|Any CPU.Build.0 = Debug|Any CPU
		{FB396864-6EFC-4A20-A9A7-30CF1B0245CC}.Release|Any CPU.ActiveCfg = Release|Any CPU
		{FB396864-6EFC-4A20-A9A7-30CF1B0245CC}.Release|Any CPU.Build.0 = Release|Any CPU
		{DB13FDDD-8B03-44F4-A017-4CEAC318A148}.Debug|Any CPU.ActiveCfg = Debug|Any CPU
		{DB13FDDD-8B03-44F4-A017-4CEAC318A148}.Debug|Any CPU.Build.0 = Debug|Any CPU
		{DB13FDDD-8B03-44F4-A017-4CEAC318A148}.Release|Any CPU.ActiveCfg = Release|Any CPU
		{DB13FDDD-8B03-44F4-A017-4CEAC318A148}.Release|Any CPU.Build.0 = Release|Any CPU
		{6721451F-0353-49A2-A73D-E066FAE1ACBD}.Debug|Any CPU.ActiveCfg = Debug|Any CPU
		{6721451F-0353-49A2-A73D-E066FAE1ACBD}.Debug|Any CPU.Build.0 = Debug|Any CPU
		{6721451F-0353-49A2-A73D-E066FAE1ACBD}.Debug|Any CPU.Deploy.0 = Debug|Any CPU
		{6721451F-0353-49A2-A73D-E066FAE1ACBD}.Release|Any CPU.ActiveCfg = Release|Any CPU
		{6721451F-0353-49A2-A73D-E066FAE1ACBD}.Release|Any CPU.Build.0 = Release|Any CPU
		{6721451F-0353-49A2-A73D-E066FAE1ACBD}.Release|Any CPU.Deploy.0 = Release|Any CPU
		{EB58844E-9852-4808-B31C-329F5F4D4CF9}.Debug|Any CPU.ActiveCfg = Debug|Any CPU
		{EB58844E-9852-4808-B31C-329F5F4D4CF9}.Debug|Any CPU.Build.0 = Debug|Any CPU
		{EB58844E-9852-4808-B31C-329F5F4D4CF9}.Release|Any CPU.ActiveCfg = Release|Any CPU
		{EB58844E-9852-4808-B31C-329F5F4D4CF9}.Release|Any CPU.Build.0 = Release|Any CPU
		{7D6B154D-94E6-48AB-B892-5AACE948A616}.Debug|Any CPU.ActiveCfg = Debug|Any CPU
		{7D6B154D-94E6-48AB-B892-5AACE948A616}.Debug|Any CPU.Build.0 = Debug|Any CPU
		{7D6B154D-94E6-48AB-B892-5AACE948A616}.Release|Any CPU.ActiveCfg = Release|Any CPU
		{7D6B154D-94E6-48AB-B892-5AACE948A616}.Release|Any CPU.Build.0 = Release|Any CPU
		{1C876286-D601-4389-963B-C2884B26F609}.Debug|Any CPU.ActiveCfg = Debug|Any CPU
		{1C876286-D601-4389-963B-C2884B26F609}.Debug|Any CPU.Build.0 = Debug|Any CPU
		{1C876286-D601-4389-963B-C2884B26F609}.Release|Any CPU.ActiveCfg = Release|Any CPU
		{1C876286-D601-4389-963B-C2884B26F609}.Release|Any CPU.Build.0 = Release|Any CPU
		{12C72993-F181-46FC-8858-E62EF0714E0B}.Debug|Any CPU.ActiveCfg = Debug|Any CPU
		{12C72993-F181-46FC-8858-E62EF0714E0B}.Debug|Any CPU.Build.0 = Debug|Any CPU
		{12C72993-F181-46FC-8858-E62EF0714E0B}.Release|Any CPU.ActiveCfg = Release|Any CPU
		{12C72993-F181-46FC-8858-E62EF0714E0B}.Release|Any CPU.Build.0 = Release|Any CPU
	EndGlobalSection
	GlobalSection(SolutionProperties) = preSolution
		HideSolutionNode = FALSE
	EndGlobalSection
	GlobalSection(NestedProjects) = preSolution
		{EB58844E-9852-4808-B31C-329F5F4D4CF9} = {5EAB34D2-9270-4CE3-AE54-DA18E08B6218}
		{7D6B154D-94E6-48AB-B892-5AACE948A616} = {5EAB34D2-9270-4CE3-AE54-DA18E08B6218}
		{1C876286-D601-4389-963B-C2884B26F609} = {5EAB34D2-9270-4CE3-AE54-DA18E08B6218}
		{12C72993-F181-46FC-8858-E62EF0714E0B} = {5EAB34D2-9270-4CE3-AE54-DA18E08B6218}
	EndGlobalSection
	GlobalSection(ExtensibilityGlobals) = postSolution
		SolutionGuid = {61F7FB11-1E47-470C-91E2-47F8143E1572}
	EndGlobalSection
EndGlobal
